
Microsoft Visual Studio Solution File, Format Version 12.00
# Visual Studio Version 16
VisualStudioVersion = 16.0.31005.135
MinimumVisualStudioVersion = 10.0.40219.1
Project("{2150E333-8FDC-42A3-9474-1A3956D46DE8}") = "Solution Items", "Solution Items", "{73F7FD87-9E38-41A6-8E2F-DC083B2788C2}"
	ProjectSection(SolutionItems) = preProject
		.editorconfig = .editorconfig
	EndProjectSection
EndProject
Project("{9A19103F-16F7-4668-BE54-9A1E7A4F7556}") = "Database.Migrations", "Database.Migrations\Database.Migrations.csproj", "{A6466776-B78E-4080-97FA-CB29B7CF3858}"
EndProject
Project("{9A19103F-16F7-4668-BE54-9A1E7A4F7556}") = "Database", "Database\Database.csproj", "{8E6FC2F5-CB02-463F-AC9E-F570788BF0B5}"
EndProject
Project("{9A19103F-16F7-4668-BE54-9A1E7A4F7556}") = "RalphsDiscordBot", "RalphsDiscordBot\RalphsDiscordBot.csproj", "{4B6004D5-877D-492D-A791-AE713B6DB8F6}"
EndProject
Project("{2150E333-8FDC-42A3-9474-1A3956D46DE8}") = "RalphsDiscordBot.Core", "RalphsDiscordBot.Core", "{170E5026-74BD-4C50-9FF0-95E19F9385D9}"
EndProject
Project("{FAE04EC0-301F-11D3-BF4B-00C04F79EFBC}") = "RalphsDiscordBot.Core", "RalphsDiscordBot.Core\RalphsDiscordBot.Core.csproj", "{009A7250-38E2-4C42-8C29-FA903E39867F}"
EndProject
Global
	GlobalSection(SolutionConfigurationPlatforms) = preSolution
		Debug|Any CPU = Debug|Any CPU
		Release|Any CPU = Release|Any CPU
	EndGlobalSection
	GlobalSection(ProjectConfigurationPlatforms) = postSolution
		{A6466776-B78E-4080-97FA-CB29B7CF3858}.Debug|Any CPU.ActiveCfg = Debug|Any CPU
		{A6466776-B78E-4080-97FA-CB29B7CF3858}.Debug|Any CPU.Build.0 = Debug|Any CPU
		{A6466776-B78E-4080-97FA-CB29B7CF3858}.Release|Any CPU.ActiveCfg = Release|Any CPU
		{A6466776-B78E-4080-97FA-CB29B7CF3858}.Release|Any CPU.Build.0 = Release|Any CPU
		{8E6FC2F5-CB02-463F-AC9E-F570788BF0B5}.Debug|Any CPU.ActiveCfg = Debug|Any CPU
		{8E6FC2F5-CB02-463F-AC9E-F570788BF0B5}.Debug|Any CPU.Build.0 = Debug|Any CPU
		{8E6FC2F5-CB02-463F-AC9E-F570788BF0B5}.Release|Any CPU.ActiveCfg = Release|Any CPU
		{8E6FC2F5-CB02-463F-AC9E-F570788BF0B5}.Release|Any CPU.Build.0 = Release|Any CPU
		{4B6004D5-877D-492D-A791-AE713B6DB8F6}.Debug|Any CPU.ActiveCfg = Debug|Any CPU
		{4B6004D5-877D-492D-A791-AE713B6DB8F6}.Debug|Any CPU.Build.0 = Debug|Any CPU
		{4B6004D5-877D-492D-A791-AE713B6DB8F6}.Release|Any CPU.ActiveCfg = Release|Any CPU
		{4B6004D5-877D-492D-A791-AE713B6DB8F6}.Release|Any CPU.Build.0 = Release|Any CPU
		{009A7250-38E2-4C42-8C29-FA903E39867F}.Debug|Any CPU.ActiveCfg = Debug|Any CPU
		{009A7250-38E2-4C42-8C29-FA903E39867F}.Debug|Any CPU.Build.0 = Debug|Any CPU
		{009A7250-38E2-4C42-8C29-FA903E39867F}.Release|Any CPU.ActiveCfg = Release|Any CPU
		{009A7250-38E2-4C42-8C29-FA903E39867F}.Release|Any CPU.Build.0 = Release|Any CPU
	EndGlobalSection
	GlobalSection(SolutionProperties) = preSolution
		HideSolutionNode = FALSE
	EndGlobalSection
	GlobalSection(NestedProjects) = preSolution
		{009A7250-38E2-4C42-8C29-FA903E39867F} = {170E5026-74BD-4C50-9FF0-95E19F9385D9}
	EndGlobalSection
	GlobalSection(ExtensibilityGlobals) = postSolution
		SolutionGuid = {200DB19B-D514-4948-A345-30EF07586242}
	EndGlobalSection
EndGlobal
